{
  "name": "dprint-dockerfile-test",
  "lockfileVersion": 2,
  "requires": true,
  "packages": {
    "": {
      "dependencies": {
        "dprint": "^0.18.1"
      }
    },
    "node_modules/dprint": {
      "version": "0.18.1",
      "resolved": "https://registry.npmjs.org/dprint/-/dprint-0.18.1.tgz",
      "integrity": "sha512-1zIATsZ3AdKaorl8lpXStbYUn/dG8RJmluEKCnlqeYDeZVtBxfOfGTSEHHta4ThbBErhN+QmCvTt4TV6jL/70w==",
      "hasInstallScript": true,
      "bin": {
        "dprint": "bin.js"
      }
    }
  },
  "dependencies": {
    "dprint": {
      "version": "0.18.1",
      "resolved": "https://registry.npmjs.org/dprint/-/dprint-0.18.1.tgz",
      "integrity": "sha512-1zIATsZ3AdKaorl8lpXStbYUn/dG8RJmluEKCnlqeYDeZVtBxfOfGTSEHHta4ThbBErhN+QmCvTt4TV6jL/70w=="
    }
  }
}
